
Microsoft Visual Studio Solution File, Format Version 12.00
# Visual Studio 15
VisualStudioVersion = 15.0.28307.1209
MinimumVisualStudioVersion = 10.0.40219.1
Project("{FAE04EC0-301F-11D3-BF4B-00C04F79EFBC}") = "FPY", "FPY.csproj", "{D2CE93B2-69E7-49B5-9522-29E9CBC4D817}"
EndProject
Project("{FAE04EC0-301F-11D3-BF4B-00C04F79EFBC}") = "Visual", "Visual\Visual.csproj", "{6393AB11-ACE1-497C-871B-960DDC981363}"
EndProject
Project("{FAE04EC0-301F-11D3-BF4B-00C04F79EFBC}") = "SpannedDataGridViewNet2", "SpannedDataGridViewNet2\SpannedDataGridViewNet2.csproj", "{2AB3E335-0E47-4EF6-B6A2-9EBF4B1967D0}"
EndProject
Global
	GlobalSection(SolutionConfigurationPlatforms) = preSolution
		Debug|Any CPU = Debug|Any CPU
		Release|Any CPU = Release|Any CPU
	EndGlobalSection
	GlobalSection(ProjectConfigurationPlatforms) = postSolution
		{D2CE93B2-69E7-49B5-9522-29E9CBC4D817}.Debug|Any CPU.ActiveCfg = Debug|Any CPU
		{D2CE93B2-69E7-49B5-9522-29E9CBC4D817}.Debug|Any CPU.Build.0 = Debug|Any CPU
		{D2CE93B2-69E7-49B5-9522-29E9CBC4D817}.Release|Any CPU.ActiveCfg = Release|Any CPU
		{D2CE93B2-69E7-49B5-9522-29E9CBC4D817}.Release|Any CPU.Build.0 = Release|Any CPU
		{6393AB11-ACE1-497C-871B-960DDC981363}.Debug|Any CPU.ActiveCfg = Debug|Any CPU
		{6393AB11-ACE1-497C-871B-960DDC981363}.Debug|Any CPU.Build.0 = Debug|Any CPU
		{6393AB11-ACE1-497C-871B-960DDC981363}.Release|Any CPU.ActiveCfg = Release|Any CPU
		{6393AB11-ACE1-497C-871B-960DDC981363}.Release|Any CPU.Build.0 = Release|Any CPU
		{2AB3E335-0E47-4EF6-B6A2-9EBF4B1967D0}.Debug|Any CPU.ActiveCfg = Debug|Any CPU
		{2AB3E335-0E47-4EF6-B6A2-9EBF4B1967D0}.Debug|Any CPU.Build.0 = Debug|Any CPU
		{2AB3E335-0E47-4EF6-B6A2-9EBF4B1967D0}.Release|Any CPU.ActiveCfg = Release|Any CPU
		{2AB3E335-0E47-4EF6-B6A2-9EBF4B1967D0}.Release|Any CPU.Build.0 = Release|Any CPU
	EndGlobalSection
	GlobalSection(SolutionProperties) = preSolution
		HideSolutionNode = FALSE
	EndGlobalSection
	GlobalSection(ExtensibilityGlobals) = postSolution
		SolutionGuid = {7D137831-8726-48D0-93E4-157EFABB8339}
	EndGlobalSection
EndGlobal
